#MicroXplorer Configuration settings - do not modify
File.Version=6
KeepUserCode=true
Mcu.Family=STM32F4
Mcu.IP0=NVIC
Mcu.IP1=RCC
Mcu.IP2=SYS
Mcu.IP3=USART1
Mcu.IPNb=4
Mcu.Name=STM32F407ZGTx
Mcu.Package=LQFP144
Mcu.Pin0=PF9
Mcu.Pin1=PF10
Mcu.Pin2=PH0-OSC_IN
Mcu.Pin3=PH1-OSC_OUT
Mcu.Pin4=PA9
Mcu.Pin5=PA10
Mcu.PinsNb=6
Mcu.UserConstants=
MxCube.Version=6.18.1
MxCube.FirmwarePackage=STM32Cube_FW_F4_V1.28.0
NVIC.ForceEnable_SysTick=true
NVIC.PriorityFilter=0
PA9.Mode=Asynchronous
PA9.Signal=USART1_TX
PA10.Mode=Asynchronous
PA10.Signal=USART1_RX
PF9.GPIOParameters=GPIO_Speed,PinState,GPIO_PuPd,GPIO_Label
PF9.GPIO_Label=LED0
PF9.GPIO_PuPd=GPIO_PULLUP
PF9.GPIO_Speed=GPIO_SPEED_FREQ_HIGH
PF9.PinState=GPIO_PIN_SET
PF9.Signal=GPIO_Output
PF10.GPIOParameters=GPIO_Speed,PinState,GPIO_PuPd,GPIO_Label
PF10.GPIO_Label=LED1
PF10.GPIO_PuPd=GPIO_PULLUP
PF10.GPIO_Speed=GPIO_SPEED_FREQ_HIGH
PF10.PinState=GPIO_PIN_SET
PF10.Signal=GPIO_Output
PH0-OSC_IN.Mode=HSE-External-Oscillator
PH0-OSC_IN.Signal=RCC_OSC_IN
PH1-OSC_OUT.Mode=HSE-External-Oscillator
PH1-OSC_OUT.Signal=RCC_OSC_OUT
ProjectManager.CustomerFirmwarePackage=
ProjectManager.DefaultEngine=true
ProjectManager.DeviceFamily=STM32F4
ProjectManager.DeviceId=STM32F407ZGTx
ProjectManager.FirmwarePackage=STM32Cube FW_F4 V1.28.0
ProjectManager.FreePins=false
ProjectManager.HalAssertFull=false
ProjectManager.KeepUserCode=true
ProjectManager.LastFirmware=true
ProjectManager.LibraryCopy=1
ProjectManager.MainLocation=Core/Src
ProjectManager.NoMain=false
ProjectManager.PreviousToolchain=CMake
ProjectManager.ProjectBuild=false
ProjectManager.ProjectFileName=f407zg.ioc
ProjectManager.ProjectName=f407zg
ProjectManager.TargetToolchain=CMake
ProjectManager.ToolChainLocation=
RCC.AHBFreq_Value=168000000
RCC.APB1CLKDivider=RCC_HCLK_DIV4
RCC.APB1Freq_Value=42000000
RCC.APB1TimFreq_Value=84000000
RCC.APB2CLKDivider=RCC_HCLK_DIV2
RCC.APB2Freq_Value=84000000
RCC.APB2TimFreq_Value=168000000
RCC.CortexFreq_Value=168000000
RCC.EthernetFreq_Value=168000000
RCC.FCLKCortexFreq_Value=168000000
RCC.FamilyName=M
RCC.HCLKFreq_Value=168000000
RCC.HSE_VALUE=8000000
RCC.HSI_VALUE=16000000
RCC.I2S1Freq_Value=192000000
RCC.I2S2Freq_Value=192000000
RCC.MCO1PinFreq_Value=16000000
RCC.MCO2PinFreq_Value=168000000
RCC.MEMSCLKFreq_Value=168000000
RCC.PLLCLKFreq_Value=168000000
RCC.PLLM=8
RCC.PLLN=336
RCC.PLLP=RCC_PLLP_DIV2
RCC.PLLQ=7
RCC.PLLSourceVirtual=RCC_PLLSOURCE_HSE
RCC.SYSCLKFreq_VALUE=168000000
RCC.SYSCLKSource=RCC_SYSCLKSOURCE_PLLCLK
RCC.VCOInputFreq_Value=1000000
RCC.VCOOutputFreq_Value=336000000
RCC.VCOOutput2Freq_Value=48000000
USART1.BaudRate=115200
USART1.WordLength=WORDLENGTH_8B
